// !$*UTF8*$!
{
	archiveVersion = 1;
	classes = {
	};
	objectVersion = 46;
	objects = {

/* Begin PBXBuildFile section */
		428D39041A2DC3330097A974 /* main.m in Sources */ = {isa = PBXBuildFile; fileRef = 428D39031A2DC3330097A974 /* main.m */; };
		428D39071A2DC3330097A974 /* AppDelegate.m in Sources */ = {isa = PBXBuildFile; fileRef = 428D39061A2DC3330097A974 /* AppDelegate.m */; };
		428D390A1A2DC3330097A974 /* ViewController.m in Sources */ = {isa = PBXBuildFile; fileRef = 428D39091A2DC3330097A974 /* ViewController.m */; };
		428D390D1A2DC3330097A974 /* Main.storyboard in Resources */ = {isa = PBXBuildFile; fileRef = 428D390B1A2DC3330097A974 /* Main.storyboard */; };
		428D390F1A2DC3330097A974 /* Images.xcassets in Resources */ = {isa = PBXBuildFile; fileRef = 428D390E1A2DC3330097A974 /* Images.xcassets */; };
		428D39121A2DC3330097A974 /* LaunchScreen.xib in Resources */ = {isa = PBXBuildFile; fileRef = 428D39101A2DC3330097A974 /* LaunchScreen.xib */; };
		428D391E1A2DC3330097A974 /* ClassroomControllerTests.m in Sources */ = {isa = PBXBuildFile; fileRef = 428D391D1A2DC3330097A974 /* ClassroomControllerTests.m */; };
/* End PBXBuildFile section */

/* Begin PBXContainerItemProxy section */
		428D39181A2DC3330097A974 /* PBXContainerItemProxy */ = {
			isa = PBXContainerItemProxy;
			containerPortal = 428D38F61A2DC3330097A974 /* Project object */;
			proxyType = 1;
			remoteGlobalIDString = 428D38FD1A2DC3330097A974;
			remoteInfo = ClassroomController;
		};
/* End PBXContainerItemProxy section */

/* Begin PBXFileReference section */
		428D38FE1A2DC3330097A974 /* ClassroomController.app */ = {isa = PBXFileReference; explicitFileType = wrapper.application; includeInIndex = 0; path = ClassroomController.app; sourceTree = BUILT_PRODUCTS_DIR; };
		428D39021A2DC3330097A974 /* Info.plist */ = {isa = PBXFileReference; lastKnownFileType = text.plist.xml; path = Info.plist; sourceTree = "<group>"; };
		428D39031A2DC3330097A974 /* main.m */ = {isa = PBXFileReference; lastKnownFileType = sourcecode.c.objc; path = main.m; sourceTree = "<group>"; };
		428D39051A2DC3330097A974 /* AppDelegate.h */ = {isa = PBXFileReference; lastKnownFileType = sourcecode.c.h; path = AppDelegate.h; sourceTree = "<group>"; };
		428D39061A2DC3330097A974 /* AppDelegate.m */ = {isa = PBXFileReference; lastKnownFileType = sourcecode.c.objc; path = AppDelegate.m; sourceTree = "<group>"; };
		428D39081A2DC3330097A974 /* ViewController.h */ = {isa = PBXFileReference; lastKnownFileType = sourcecode.c.h; path = ViewController.h; sourceTree = "<group>"; };
		428D39091A2DC3330097A974 /* ViewController.m */ = {isa = PBXFileReference; lastKnownFileType = sourcecode.c.objc; path = ViewController.m; sourceTree = "<group>"; };
		428D390C1A2DC3330097A974 /* Base */ = {isa = PBXFileReference; lastKnownFileType = file.storyboard; name = Base; path = Base.lproj/Main.storyboard; sourceTree = "<group>"; };
		428D390E1A2DC3330097A974 /* Images.xcassets */ = {isa = PBXFileReference; lastKnownFileType = folder.assetcatalog; path = Images.xcassets; sourceTree = "<group>"; };
		428D39111A2DC3330097A974 /* Base */ = {isa = PBXFileReference; lastKnownFileType = file.xib; name = Base; path = Base.lproj/LaunchScreen.xib; sourceTree = "<group>"; };
		428D39171A2DC3330097A974 /* ClassroomControllerTests.xctest */ = {isa = PBXFileReference; explicitFileType = wrapper.cfbundle; includeInIndex = 0; path = ClassroomControllerTests.xctest; sourceTree = BUILT_PRODUCTS_DIR; };
		428D391C1A2DC3330097A974 /* Info.plist */ = {isa = PBXFileReference; lastKnownFileType = text.plist.xml; path = Info.plist; sourceTree = "<group>"; };
		428D391D1A2DC3330097A974 /* ClassroomControllerTests.m */ = {isa = PBXFileReference; lastKnownFileType = sourcecode.c.objc; path = ClassroomControllerTests.m; sourceTree = "<group>"; };
/* End PBXFileReference section */

/* Begin PBXFrameworksBuildPhase section */
		428D38FB1A2DC3330097A974 /* Frameworks */ = {
			isa = PBXFrameworksBuildPhase;
			buildActionMask = 2147483647;
			files = (
			);
			runOnlyForDeploymentPostprocessing = 0;
		};
		428D39141A2DC3330097A974 /* Frameworks */ = {
			isa = PBXFrameworksBuildPhase;
			buildActionMask = 2147483647;
			files = (
			);
			runOnlyForDeploymentPostprocessing = 0;
		};
/* End PBXFrameworksBuildPhase section */

/* Begin PBXGroup section */
		428D38F51A2DC3330097A974 = {
			isa = PBXGroup;
			children = (
				428D39001A2DC3330097A974 /* ClassroomController */,
				428D391A1A2DC3330097A974 /* ClassroomControllerTests */,
				428D38FF1A2DC3330097A974 /* Products */,
			);
			sourceTree = "<group>";
		};
		428D38FF1A2DC3330097A974 /* Products */ = {
			isa = PBXGroup;
			children = (
				428D38FE1A2DC3330097A974 /* ClassroomController.app */,
				428D39171A2DC3330097A974 /* ClassroomControllerTests.xctest */,
			);
			name = Products;
			sourceTree = "<group>";
		};
		428D39001A2DC3330097A974 /* ClassroomController */ = {
			isa = PBXGroup;
			children = (
				428D39051A2DC3330097A974 /* AppDelegate.h */,
				428D39061A2DC3330097A974 /* AppDelegate.m */,
				428D39081A2DC3330097A974 /* ViewController.h */,
				428D39091A2DC3330097A974 /* ViewController.m */,
				428D390B1A2DC3330097A974 /* Main.storyboard */,
				428D390E1A2DC3330097A974 /* Images.xcassets */,
				428D39101A2DC3330097A974 /* LaunchScreen.xib */,
				428D39011A2DC3330097A974 /* Supporting Files */,
			);
			path = ClassroomController;
			sourceTree = "<group>";
		};
		428D39011A2DC3330097A974 /* Supporting Files */ = {
			isa = PBXGroup;
			children = (
				428D39021A2DC3330097A974 /* Info.plist */,
				428D39031A2DC3330097A974 /* main.m */,
			);
			name = "Supporting Files";
			sourceTree = "<group>";
		};
		428D391A1A2DC3330097A974 /* ClassroomControllerTests */ = {
			isa = PBXGroup;
			children = (
				428D391D1A2DC3330097A974 /* ClassroomControllerTests.m */,
				428D391B1A2DC3330097A974 /* Supporting Files */,
			);
			path = ClassroomControllerTests;
			sourceTree = "<group>";
		};
		428D391B1A2DC3330097A974 /* Supporting Files */ = {
			isa = PBXGroup;
			children = (
				428D391C1A2DC3330097A974 /* Info.plist */,
			);
			name = "Supporting Files";
			sourceTree = "<group>";
		};
/* End PBXGroup section */

/* Begin PBXNativeTarget section */
		428D38FD1A2DC3330097A974 /* ClassroomController */ = {
			isa = PBXNativeTarget;
			buildConfigurationList = 428D39211A2DC3330097A974 /* Build configuration list for PBXNativeTarget "ClassroomController" */;
			buildPhases = (
				428D38FA1A2DC3330097A974 /* Sources */,
				428D38FB1A2DC3330097A974 /* Frameworks */,
				428D38FC1A2DC3330097A974 /* Resources */,
			);
			buildRules = (
			);
			dependencies = (
			);
			name = ClassroomController;
			productName = ClassroomController;
			productReference = 428D38FE1A2DC3330097A974 /* ClassroomController.app */;
			productType = "com.apple.product-type.application";
		};
		428D39161A2DC3330097A974 /* ClassroomControllerTests */ = {
			isa = PBXNativeTarget;
			buildConfigurationList = 428D39241A2DC3330097A974 /* Build configuration list for PBXNativeTarget "ClassroomControllerTests" */;
			buildPhases = (
				428D39131A2DC3330097A974 /* Sources */,
				428D39141A2DC3330097A974 /* Frameworks */,
				428D39151A2DC3330097A974 /* Resources */,
			);
			buildRules = (
			);
			dependencies = (
				428D39191A2DC3330097A974 /* PBXTargetDependency */,
			);
			name = ClassroomControllerTests;
			productName = ClassroomControllerTests;
			productReference = 428D39171A2DC3330097A974 /* ClassroomControllerTests.xctest */;
			productType = "com.apple.product-type.bundle.unit-test";
		};
/* End PBXNativeTarget section */

/* Begin PBXProject section */
		428D38F61A2DC3330097A974 /* Project object */ = {
			isa = PBXProject;
			attributes = {
				LastUpgradeCheck = 0610;
				ORGANIZATIONNAME = "Joshua Rappeneker";
				TargetAttributes = {
					428D38FD1A2DC3330097A974 = {
						CreatedOnToolsVersion = 6.1;
						DevelopmentTeam = 6BMWGWNHT7;
					};
					428D39161A2DC3330097A974 = {
						CreatedOnToolsVersion = 6.1;
						TestTargetID = 428D38FD1A2DC3330097A974;
					};
				};
			};
			buildConfigurationList = 428D38F91A2DC3330097A974 /* Build configuration list for PBXProject "ClassroomController" */;
			compatibilityVersion = "Xcode 3.2";
			developmentRegion = English;
			hasScannedForEncodings = 0;
			knownRegions = (
				en,
				Base,
			);
			mainGroup = 428D38F51A2DC3330097A974;
			productRefGroup = 428D38FF1A2DC3330097A974 /* Products */;
			projectDirPath = "";
			projectRoot = "";
			targets = (
				428D38FD1A2DC3330097A974 /* ClassroomController */,
				428D39161A2DC3330097A974 /* ClassroomControllerTests */,
			);
		};
/* End PBXProject section */

/* Begin PBXResourcesBuildPhase section */
		428D38FC1A2DC3330097A974 /* Resources */ = {
			isa = PBXResourcesBuildPhase;
			buildActionMask = 2147483647;
			files = (
				428D390D1A2DC3330097A974 /* Main.storyboard in Resources */,
				428D39121A2DC3330097A974 /* LaunchScreen.xib in Resources */,
				428D390F1A2DC3330097A974 /* Images.xcassets in Resources */,
			);
			runOnlyForDeploymentPostprocessing = 0;
		};
		428D39151A2DC3330097A974 /* Resources */ = {
			isa = PBXResourcesBuildPhase;
			buildActionMask = 2147483647;
			files = (
			);
			runOnlyForDeploymentPostprocessing = 0;
		};
/* End PBXResourcesBuildPhase section */

/* Begin PBXSourcesBuildPhase section */
		428D38FA1A2DC3330097A974 /* Sources */ = {
			isa = PBXSourcesBuildPhase;
			buildActionMask = 2147483647;
			files = (
				428D390A1A2DC3330097A974 /* ViewController.m in Sources */,
				428D39071A2DC3330097A974 /* AppDelegate.m in Sources */,
				428D39041A2DC3330097A974 /* main.m in Sources */,
			);
			runOnlyForDeploymentPostprocessing = 0;
		};
		428D39131A2DC3330097A974 /* Sources */ = {
			isa = PBXSourcesBuildPhase;
			buildActionMask = 2147483647;
			files = (
				428D391E1A2DC3330097A974 /* ClassroomControllerTests.m in Sources */,
			);
			runOnlyForDeploymentPostprocessing = 0;
		};
/* End PBXSourcesBuildPhase section */

/* Begin PBXTargetDependency section */
		428D39191A2DC3330097A974 /* PBXTargetDependency */ = {
			isa = PBXTargetDependency;
			target = 428D38FD1A2DC3330097A974 /* ClassroomController */;
			targetProxy = 428D39181A2DC3330097A974 /* PBXContainerItemProxy */;
		};
/* End PBXTargetDependency section */

/* Begin PBXVariantGroup section */
		428D390B1A2DC3330097A974 /* Main.storyboard */ = {
			isa = PBXVariantGroup;
			children = (
				428D390C1A2DC3330097A974 /* Base */,
			);
			name = Main.storyboard;
			sourceTree = "<group>";
		};
		428D39101A2DC3330097A974 /* LaunchScreen.xib */ = {
			isa = PBXVariantGroup;
			children = (
				428D39111A2DC3330097A974 /* Base */,
			);
			name = LaunchScreen.xib;
			sourceTree = "<group>";
		};
/* End PBXVariantGroup section */

/* Begin XCBuildConfiguration section */
		428D391F1A2DC3330097A974 /* Debug */ = {
			isa = XCBuildConfiguration;
			buildSettings = {
				ALWAYS_SEARCH_USER_PATHS = NO;
				CLANG_CXX_LANGUAGE_STANDARD = "gnu++0x";
				CLANG_CXX_LIBRARY = "libc++";
				CLANG_ENABLE_MODULES = YES;
				CLANG_ENABLE_OBJC_ARC = YES;
				CLANG_WARN_BOOL_CONVERSION = YES;
				CLANG_WARN_CONSTANT_CONVERSION = YES;
				CLANG_WARN_DIRECT_OBJC_ISA_USAGE = YES_ERROR;
				CLANG_WARN_EMPTY_BODY = YES;
				CLANG_WARN_ENUM_CONVERSION = YES;
				CLANG_WARN_INT_CONVERSION = YES;
				CLANG_WARN_OBJC_ROOT_CLASS = YES_ERROR;
				CLANG_WARN_UNREACHABLE_CODE = YES;
				CLANG_WARN__DUPLICATE_METHOD_MATCH = YES;
				CODE_SIGN_IDENTITY = "iPhone Distribution: Joshua Rappeneker (6BMWGWNHT7)";
				"CODE_SIGN_IDENTITY[sdk=iphoneos*]" = "iPhone Developer";
				COPY_PHASE_STRIP = NO;
				ENABLE_STRICT_OBJC_MSGSEND = YES;
				GCC_C_LANGUAGE_STANDARD = gnu99;
				GCC_DYNAMIC_NO_PIC = NO;
				GCC_OPTIMIZATION_LEVEL = 0;
				GCC_PREPROCESSOR_DEFINITIONS = (
					"DEBUG=1",
					"$(inherited)",
				);
				GCC_SYMBOLS_PRIVATE_EXTERN = NO;
				GCC_WARN_64_TO_32_BIT_CONVERSION = YES;
				GCC_WARN_ABOUT_RETURN_TYPE = YES_ERROR;
				GCC_WARN_UNDECLARED_SELECTOR = YES;
				GCC_WARN_UNINITIALIZED_AUTOS = YES_AGGRESSIVE;
				GCC_WARN_UNUSED_FUNCTION = YES;
				GCC_WARN_UNUSED_VARIABLE = YES;
				IPHONEOS_DEPLOYMENT_TARGET = 8.1;
				MTL_ENABLE_DEBUG_INFO = YES;
				ONLY_ACTIVE_ARCH = YES;
				SDKROOT = iphoneos;
				TARGETED_DEVICE_FAMILY = "1,2";
			};
			name = Debug;
		};
		428D39201A2DC3330097A974 /* Release */ = {
			isa = XCBuildConfiguration;
			buildSettings = {
				ALWAYS_SEARCH_USER_PATHS = NO;
				CLANG_CXX_LANGUAGE_STANDARD = "gnu++0x";
				CLANG_CXX_LIBRARY = "libc++";
				CLANG_ENABLE_MODULES = YES;
				CLANG_ENABLE_OBJC_ARC = YES;
				CLANG_WARN_BOOL_CONVERSION = YES;
				CLANG_WARN_CONSTANT_CONVERSION = YES;
				CLANG_WARN_DIRECT_OBJC_ISA_USAGE = YES_ERROR;
				CLANG_WARN_EMPTY_BODY = YES;
				CLANG_WARN_ENUM_CONVERSION = YES;
				CLANG_WARN_INT_CONVERSION = YES;
				CLANG_WARN_OBJC_ROOT_CLASS = YES_ERROR;
				CLANG_WARN_UNREACHABLE_CODE = YES;
				CLANG_WARN__DUPLICATE_METHOD_MATCH = YES;
				CODE_SIGN_IDENTITY = "iPhone Distribution: Joshua Rappeneker (6BMWGWNHT7)";
				"CODE_SIGN_IDENTITY[sdk=iphoneos*]" = "iPhone Developer";
				COPY_PHASE_STRIP = YES;
				ENABLE_NS_ASSERTIONS = NO;
				ENABLE_STRICT_OBJC_MSGSEND = YES;
				GCC_C_LANGUAGE_STANDARD = gnu99;
				GCC_WARN_64_TO_32_BIT_CONVERSION = YES;
				GCC_WARN_ABOUT_RETURN_TYPE = YES_ERROR;
				GCC_WARN_UNDECLARED_SELECTOR = YES;
				GCC_WARN_UNINITIALIZED_AUTOS = YES_AGGRESSIVE;
				GCC_WARN_UNUSED_FUNCTION = YES;
				GCC_WARN_UNUSED_VARIABLE = YES;
				IPHONEOS_DEPLOYMENT_TARGET = 8.1;
				MTL_ENABLE_DEBUG_INFO = NO;
				SDKROOT = iphoneos;
				TARGETED_DEVICE_FAMILY = "1,2";
				VALIDATE_PRODUCT = YES;
			};
			name = Release;
		};
		428D39221A2DC3330097A974 /* Debug */ = {
			isa = XCBuildConfiguration;
			buildSettings = {
				ASSETCATALOG_COMPILER_APPICON_NAME = AppIcon;
				CODE_SIGN_IDENTITY = "iPhone Developer: Joshua Rappeneker (5423CZ5CGN)";
				INFOPLIST_FILE = ClassroomController/Info.plist;
				LD_RUNPATH_SEARCH_PATHS = "$(inherited) @executable_path/Frameworks";
				PRODUCT_NAME = "$(TARGET_NAME)";
			};
			name = Debug;
		};
		428D39231A2DC3330097A974 /* Release */ = {
			isa = XCBuildConfiguration;
			buildSettings = {
				ASSETCATALOG_COMPILER_APPICON_NAME = AppIcon;
				CODE_SIGN_IDENTITY = "iPhone Developer: Joshua Rappeneker (5423CZ5CGN)";
				INFOPLIST_FILE = ClassroomController/Info.plist;
				LD_RUNPATH_SEARCH_PATHS = "$(inherited) @executable_path/Frameworks";
				PRODUCT_NAME = "$(TARGET_NAME)";
			};
			name = Release;
		};
		428D39251A2DC3330097A974 /* Debug */ = {
			isa = XCBuildConfiguration;
			buildSettings = {
				BUNDLE_LOADER = "$(TEST_HOST)";
				FRAMEWORK_SEARCH_PATHS = (
					"$(SDKROOT)/Developer/Library/Frameworks",
					"$(inherited)",
				);
				GCC_PREPROCESSOR_DEFINITIONS = (
					"DEBUG=1",
					"$(inherited)",
				);
				INFOPLIST_FILE = ClassroomControllerTests/Info.plist;
				LD_RUNPATH_SEARCH_PATHS = "$(inherited) @executable_path/Frameworks @loader_path/Frameworks";
				PRODUCT_NAME = "$(TARGET_NAME)";
				TEST_HOST = "$(BUILT_PRODUCTS_DIR)/ClassroomController.app/ClassroomController";
			};
			name = Debug;
		};
		428D39261A2DC3330097A974 /* Release */ = {
			isa = XCBuildConfiguration;
			buildSettings = {
				BUNDLE_LOADER = "$(TEST_HOST)";
				FRAMEWORK_SEARCH_PATHS = (
					"$(SDKROOT)/Developer/Library/Frameworks",
					"$(inherited)",
				);
				INFOPLIST_FILE = ClassroomControllerTests/Info.plist;
				LD_RUNPATH_SEARCH_PATHS = "$(inherited) @executable_path/Frameworks @loader_path/Frameworks";
				PRODUCT_NAME = "$(TARGET_NAME)";
				TEST_HOST = "$(BUILT_PRODUCTS_DIR)/ClassroomController.app/ClassroomController";
			};
			name = Release;
		};
/* End XCBuildConfiguration section */

/* Begin XCConfigurationList section */
		428D38F91A2DC3330097A974 /* Build configuration list for PBXProject "ClassroomController" */ = {
			isa = XCConfigurationList;
			buildConfigurations = (
				428D391F1A2DC3330097A974 /* Debug */,
				428D39201A2DC3330097A974 /* Release */,
			);
			defaultConfigurationIsVisible = 0;
			defaultConfigurationName = Release;
		};
		428D39211A2DC3330097A974 /* Build configuration list for PBXNativeTarget "ClassroomController" */ = {
			isa = XCConfigurationList;
			buildConfigurations = (
				428D39221A2DC3330097A974 /* Debug */,
				428D39231A2DC3330097A974 /* Release */,
			);
			defaultConfigurationIsVisible = 0;
		};
		428D39241A2DC3330097A974 /* Build configuration list for PBXNativeTarget "ClassroomControllerTests" */ = {
			isa = XCConfigurationList;
			buildConfigurations = (
				428D39251A2DC3330097A974 /* Debug */,
				428D39261A2DC3330097A974 /* Release */,
			);
			defaultConfigurationIsVisible = 0;
		};
/* End XCConfigurationList section */
	};
	rootObject = 428D38F61A2DC3330097A974 /* Project object */;
}
